
Microsoft Visual Studio Solution File, Format Version 12.00
# Visual Studio Version 17
VisualStudioVersion = 17.4.33103.184
MinimumVisualStudioVersion = 10.0.40219.1
Project("{FAE04EC0-301F-11D3-BF4B-00C04F79EFBC}") = "HED.GUI", "HED.GUI\HED.GUI.csproj", "{DB66D233-B85D-4EE7-A723-34D893A69421}"
EndProject
Global
	GlobalSection(SolutionConfigurationPlatforms) = preSolution
		Debug|Any CPU = Debug|Any CPU
		Release|Any CPU = Release|Any CPU
	EndGlobalSection
	GlobalSection(ProjectConfigurationPlatforms) = postSolution
		{DB66D233-B85D-4EE7-A723-34D893A69421}.Debug|Any CPU.ActiveCfg = Debug|Any CPU
		{DB66D233-B85D-4EE7-A723-34D893A69421}.Debug|Any CPU.Build.0 = Debug|Any CPU
		{DB66D233-B85D-4EE7-A723-34D893A69421}.Release|Any CPU.ActiveCfg = Release|Any CPU
		{DB66D233-B85D-4EE7-A723-34D893A69421}.Release|Any CPU.Build.0 = Release|Any CPU
	EndGlobalSection
	GlobalSection(SolutionProperties) = preSolution
		HideSolutionNode = FALSE
	EndGlobalSection
	GlobalSection(ExtensibilityGlobals) = postSolution
		SolutionGuid = {B3009530-044D-4DA0-A709-9D76E301D9E2}
	EndGlobalSection
EndGlobal
