
Microsoft Visual Studio Solution File, Format Version 12.00
# Visual Studio Version 17
VisualStudioVersion = 17.4.33213.308
MinimumVisualStudioVersion = 10.0.40219.1
Project("{9A19103F-16F7-4668-BE54-9A1E7A4F7556}") = "N3", "N3\N3.csproj", "{281DECF4-1FB0-44C4-AEC4-2F1F4C0D822F}"
EndProject
Project("{FAE04EC0-301F-11D3-BF4B-00C04F79EFBC}") = "N3.Model", "N3.Model\N3.Model.csproj", "{99161758-A6B5-40A5-A80D-28840526FED4}"
EndProject
Project("{FAE04EC0-301F-11D3-BF4B-00C04F79EFBC}") = "N3.Model.Test", "N3.Model.Test\N3.Model.Test.csproj", "{8FB7DE45-460E-4898-A180-E9CBDACA28ED}"
EndProject
Global
	GlobalSection(SolutionConfigurationPlatforms) = preSolution
		Debug|Any CPU = Debug|Any CPU
		Release|Any CPU = Release|Any CPU
	EndGlobalSection
	GlobalSection(ProjectConfigurationPlatforms) = postSolution
		{281DECF4-1FB0-44C4-AEC4-2F1F4C0D822F}.Debug|Any CPU.ActiveCfg = Debug|Any CPU
		{281DECF4-1FB0-44C4-AEC4-2F1F4C0D822F}.Debug|Any CPU.Build.0 = Debug|Any CPU
		{281DECF4-1FB0-44C4-AEC4-2F1F4C0D822F}.Release|Any CPU.ActiveCfg = Release|Any CPU
		{281DECF4-1FB0-44C4-AEC4-2F1F4C0D822F}.Release|Any CPU.Build.0 = Release|Any CPU
		{99161758-A6B5-40A5-A80D-28840526FED4}.Debug|Any CPU.ActiveCfg = Debug|Any CPU
		{99161758-A6B5-40A5-A80D-28840526FED4}.Debug|Any CPU.Build.0 = Debug|Any CPU
		{99161758-A6B5-40A5-A80D-28840526FED4}.Release|Any CPU.ActiveCfg = Release|Any CPU
		{99161758-A6B5-40A5-A80D-28840526FED4}.Release|Any CPU.Build.0 = Release|Any CPU
		{8FB7DE45-460E-4898-A180-E9CBDACA28ED}.Debug|Any CPU.ActiveCfg = Debug|Any CPU
		{8FB7DE45-460E-4898-A180-E9CBDACA28ED}.Debug|Any CPU.Build.0 = Debug|Any CPU
		{8FB7DE45-460E-4898-A180-E9CBDACA28ED}.Release|Any CPU.ActiveCfg = Release|Any CPU
		{8FB7DE45-460E-4898-A180-E9CBDACA28ED}.Release|Any CPU.Build.0 = Release|Any CPU
	EndGlobalSection
	GlobalSection(SolutionProperties) = preSolution
		HideSolutionNode = FALSE
	EndGlobalSection
	GlobalSection(ExtensibilityGlobals) = postSolution
		SolutionGuid = {C6A9AFA5-4355-4154-8B5D-11C581BE1FF9}
	EndGlobalSection
EndGlobal
