
Microsoft Visual Studio Solution File, Format Version 12.00
# Visual Studio Version 17
VisualStudioVersion = 17.4.33213.308
MinimumVisualStudioVersion = 10.0.40219.1
Project("{9A19103F-16F7-4668-BE54-9A1E7A4F7556}") = "N3", "N3\N3.csproj", "{281DECF4-1FB0-44C4-AEC4-2F1F4C0D822F}"
EndProject
Project("{9A19103F-16F7-4668-BE54-9A1E7A4F7556}") = "N3.Modell", "N3.Modell\N3.Modell.csproj", "{99161758-A6B5-40A5-A80D-28840526FED4}"
EndProject
Project("{9A19103F-16F7-4668-BE54-9A1E7A4F7556}") = "N3.Modell.Test", "N3.Modell.Test\N3.Modell.Test.csproj", "{8FB7DE45-460E-4898-A180-E9CBDACA28ED}"
EndProject
Project("{9A19103F-16F7-4668-BE54-9A1E7A4F7556}") = "N3.CqrsEs", "N3.CqrsEs\N3.CqrsEs.csproj", "{3C0CD59F-EB65-41D5-8193-E976A75FD467}"
EndProject
Project("{2150E333-8FDC-42A3-9474-1A3956D46DE8}") = "Solution Items", "Solution Items", "{EFEA6C52-987F-4BF3-A819-A66DEDB275E0}"
	ProjectSection(SolutionItems) = preProject
		.editorconfig = .editorconfig
	EndProjectSection
EndProject
Project("{9A19103F-16F7-4668-BE54-9A1E7A4F7556}") = "N3.CqrsEs.Test", "N3.CqrsEs.Test\N3.CqrsEs.Test.csproj", "{452E053C-44C7-4DC6-A1AF-556DEB6A0FFD}"
EndProject
Project("{9A19103F-16F7-4668-BE54-9A1E7A4F7556}") = "N3.CqrsEs.Gemensam", "N3.CqrsEs.Gemensam\N3.CqrsEs.Gemensam.csproj", "{E22C96DC-08E5-46B2-9B54-EDE35CDD6338}"
EndProject
Project("{9A19103F-16F7-4668-BE54-9A1E7A4F7556}") = "N3.CqrsEs.LäsModell", "N3.CqrsEs.LäsModell\N3.CqrsEs.LäsModell.csproj", "{03258304-DDE9-472E-9491-2290C8A215C3}"
EndProject
Project("{9A19103F-16F7-4668-BE54-9A1E7A4F7556}") = "N3.CqrsEs.SkrivModell", "N3.CqrsEs.SkrivModell\N3.CqrsEs.SkrivModell.csproj", "{EF16BEFC-49FD-4643-8E3F-6C2223A81913}"
EndProject
Project("{9A19103F-16F7-4668-BE54-9A1E7A4F7556}") = "N3.CqrsEs.Ramverk", "N3.CqrsEs.Ramverk\N3.CqrsEs.Ramverk.csproj", "{DF6CA656-2FFA-4B8A-8AF0-88F35B7690EB}"
EndProject
Project("{FAE04EC0-301F-11D3-BF4B-00C04F79EFBC}") = "N3.CqrsEs.Façade", "N3.CqrsEs.Façade\N3.CqrsEs.Façade.csproj", "{786F9025-7257-42B2-8823-4C22D623685C}"
EndProject
Project("{FAE04EC0-301F-11D3-BF4B-00C04F79EFBC}") = "N3.App.Ombud.Web", "N3.App.Ombud.Web\N3.App.Ombud.Web.csproj", "{9EDAF1AD-BED7-41B3-9CE7-4C11FBE22AF1}"
EndProject
Project("{FAE04EC0-301F-11D3-BF4B-00C04F79EFBC}") = "N3.App.Domän.Api.Web", "N3.App.Domän.Api.Web\N3.App.Domän.Api.Web.csproj", "{FE461F13-B474-474A-B48C-EE7977A6E736}"
EndProject
Global
	GlobalSection(SolutionConfigurationPlatforms) = preSolution
		Debug|Any CPU = Debug|Any CPU
		Release|Any CPU = Release|Any CPU
	EndGlobalSection
	GlobalSection(ProjectConfigurationPlatforms) = postSolution
		{281DECF4-1FB0-44C4-AEC4-2F1F4C0D822F}.Debug|Any CPU.ActiveCfg = Debug|Any CPU
		{281DECF4-1FB0-44C4-AEC4-2F1F4C0D822F}.Debug|Any CPU.Build.0 = Debug|Any CPU
		{281DECF4-1FB0-44C4-AEC4-2F1F4C0D822F}.Release|Any CPU.ActiveCfg = Release|Any CPU
		{281DECF4-1FB0-44C4-AEC4-2F1F4C0D822F}.Release|Any CPU.Build.0 = Release|Any CPU
		{99161758-A6B5-40A5-A80D-28840526FED4}.Debug|Any CPU.ActiveCfg = Debug|Any CPU
		{99161758-A6B5-40A5-A80D-28840526FED4}.Debug|Any CPU.Build.0 = Debug|Any CPU
		{99161758-A6B5-40A5-A80D-28840526FED4}.Release|Any CPU.ActiveCfg = Release|Any CPU
		{99161758-A6B5-40A5-A80D-28840526FED4}.Release|Any CPU.Build.0 = Release|Any CPU
		{8FB7DE45-460E-4898-A180-E9CBDACA28ED}.Debug|Any CPU.ActiveCfg = Debug|Any CPU
		{8FB7DE45-460E-4898-A180-E9CBDACA28ED}.Debug|Any CPU.Build.0 = Debug|Any CPU
		{8FB7DE45-460E-4898-A180-E9CBDACA28ED}.Release|Any CPU.ActiveCfg = Release|Any CPU
		{8FB7DE45-460E-4898-A180-E9CBDACA28ED}.Release|Any CPU.Build.0 = Release|Any CPU
		{3C0CD59F-EB65-41D5-8193-E976A75FD467}.Debug|Any CPU.ActiveCfg = Debug|Any CPU
		{3C0CD59F-EB65-41D5-8193-E976A75FD467}.Debug|Any CPU.Build.0 = Debug|Any CPU
		{3C0CD59F-EB65-41D5-8193-E976A75FD467}.Release|Any CPU.ActiveCfg = Release|Any CPU
		{3C0CD59F-EB65-41D5-8193-E976A75FD467}.Release|Any CPU.Build.0 = Release|Any CPU
		{452E053C-44C7-4DC6-A1AF-556DEB6A0FFD}.Debug|Any CPU.ActiveCfg = Debug|Any CPU
		{452E053C-44C7-4DC6-A1AF-556DEB6A0FFD}.Debug|Any CPU.Build.0 = Debug|Any CPU
		{452E053C-44C7-4DC6-A1AF-556DEB6A0FFD}.Release|Any CPU.ActiveCfg = Release|Any CPU
		{452E053C-44C7-4DC6-A1AF-556DEB6A0FFD}.Release|Any CPU.Build.0 = Release|Any CPU
		{E22C96DC-08E5-46B2-9B54-EDE35CDD6338}.Debug|Any CPU.ActiveCfg = Debug|Any CPU
		{E22C96DC-08E5-46B2-9B54-EDE35CDD6338}.Debug|Any CPU.Build.0 = Debug|Any CPU
		{E22C96DC-08E5-46B2-9B54-EDE35CDD6338}.Release|Any CPU.ActiveCfg = Release|Any CPU
		{E22C96DC-08E5-46B2-9B54-EDE35CDD6338}.Release|Any CPU.Build.0 = Release|Any CPU
		{03258304-DDE9-472E-9491-2290C8A215C3}.Debug|Any CPU.ActiveCfg = Debug|Any CPU
		{03258304-DDE9-472E-9491-2290C8A215C3}.Debug|Any CPU.Build.0 = Debug|Any CPU
		{03258304-DDE9-472E-9491-2290C8A215C3}.Release|Any CPU.ActiveCfg = Release|Any CPU
		{03258304-DDE9-472E-9491-2290C8A215C3}.Release|Any CPU.Build.0 = Release|Any CPU
		{EF16BEFC-49FD-4643-8E3F-6C2223A81913}.Debug|Any CPU.ActiveCfg = Debug|Any CPU
		{EF16BEFC-49FD-4643-8E3F-6C2223A81913}.Debug|Any CPU.Build.0 = Debug|Any CPU
		{EF16BEFC-49FD-4643-8E3F-6C2223A81913}.Release|Any CPU.ActiveCfg = Release|Any CPU
		{EF16BEFC-49FD-4643-8E3F-6C2223A81913}.Release|Any CPU.Build.0 = Release|Any CPU
		{DF6CA656-2FFA-4B8A-8AF0-88F35B7690EB}.Debug|Any CPU.ActiveCfg = Debug|Any CPU
		{DF6CA656-2FFA-4B8A-8AF0-88F35B7690EB}.Debug|Any CPU.Build.0 = Debug|Any CPU
		{DF6CA656-2FFA-4B8A-8AF0-88F35B7690EB}.Release|Any CPU.ActiveCfg = Release|Any CPU
		{DF6CA656-2FFA-4B8A-8AF0-88F35B7690EB}.Release|Any CPU.Build.0 = Release|Any CPU
		{786F9025-7257-42B2-8823-4C22D623685C}.Debug|Any CPU.ActiveCfg = Debug|Any CPU
		{786F9025-7257-42B2-8823-4C22D623685C}.Debug|Any CPU.Build.0 = Debug|Any CPU
		{786F9025-7257-42B2-8823-4C22D623685C}.Release|Any CPU.ActiveCfg = Release|Any CPU
		{786F9025-7257-42B2-8823-4C22D623685C}.Release|Any CPU.Build.0 = Release|Any CPU
		{9EDAF1AD-BED7-41B3-9CE7-4C11FBE22AF1}.Debug|Any CPU.ActiveCfg = Debug|Any CPU
		{9EDAF1AD-BED7-41B3-9CE7-4C11FBE22AF1}.Debug|Any CPU.Build.0 = Debug|Any CPU
		{9EDAF1AD-BED7-41B3-9CE7-4C11FBE22AF1}.Release|Any CPU.ActiveCfg = Release|Any CPU
		{9EDAF1AD-BED7-41B3-9CE7-4C11FBE22AF1}.Release|Any CPU.Build.0 = Release|Any CPU
		{FE461F13-B474-474A-B48C-EE7977A6E736}.Debug|Any CPU.ActiveCfg = Debug|Any CPU
		{FE461F13-B474-474A-B48C-EE7977A6E736}.Debug|Any CPU.Build.0 = Debug|Any CPU
		{FE461F13-B474-474A-B48C-EE7977A6E736}.Release|Any CPU.ActiveCfg = Release|Any CPU
		{FE461F13-B474-474A-B48C-EE7977A6E736}.Release|Any CPU.Build.0 = Release|Any CPU
	EndGlobalSection
	GlobalSection(SolutionProperties) = preSolution
		HideSolutionNode = FALSE
	EndGlobalSection
	GlobalSection(ExtensibilityGlobals) = postSolution
		SolutionGuid = {C6A9AFA5-4355-4154-8B5D-11C581BE1FF9}
	EndGlobalSection
EndGlobal
