
Microsoft Visual Studio Solution File, Format Version 12.00
# Visual Studio Version 17
VisualStudioVersion = 17.4.33213.308
MinimumVisualStudioVersion = 10.0.40219.1
Project("{9A19103F-16F7-4668-BE54-9A1E7A4F7556}") = "N3", "N3\N3.csproj", "{281DECF4-1FB0-44C4-AEC4-2F1F4C0D822F}"
EndProject
Project("{9A19103F-16F7-4668-BE54-9A1E7A4F7556}") = "N3.Modell", "N3.Modell\N3.Modell.csproj", "{99161758-A6B5-40A5-A80D-28840526FED4}"
EndProject
Project("{9A19103F-16F7-4668-BE54-9A1E7A4F7556}") = "N3.Modell.Test", "N3.Modell.Test\N3.Modell.Test.csproj", "{8FB7DE45-460E-4898-A180-E9CBDACA28ED}"
EndProject
Project("{9A19103F-16F7-4668-BE54-9A1E7A4F7556}") = "N3.CqrsEs", "N3.CqrsEs\N3.CqrsEs.csproj", "{3C0CD59F-EB65-41D5-8193-E976A75FD467}"
EndProject
Project("{9A19103F-16F7-4668-BE54-9A1E7A4F7556}") = "CQRSlite", "..\..\submodules\CQRSlite\Framework\CQRSlite\CQRSlite.csproj", "{64E1E795-46EB-42A6-92E3-C609124C57EA}"
EndProject
Project("{2150E333-8FDC-42A3-9474-1A3956D46DE8}") = "Solution Items", "Solution Items", "{EFEA6C52-987F-4BF3-A819-A66DEDB275E0}"
	ProjectSection(SolutionItems) = preProject
		.editorconfig = .editorconfig
	EndProjectSection
EndProject
Project("{FAE04EC0-301F-11D3-BF4B-00C04F79EFBC}") = "N3.CqrsEs.Test", "N3.CqrsEs.Test\N3.CqrsEs.Test.csproj", "{452E053C-44C7-4DC6-A1AF-556DEB6A0FFD}"
EndProject
Global
	GlobalSection(SolutionConfigurationPlatforms) = preSolution
		Debug|Any CPU = Debug|Any CPU
		Release|Any CPU = Release|Any CPU
	EndGlobalSection
	GlobalSection(ProjectConfigurationPlatforms) = postSolution
		{281DECF4-1FB0-44C4-AEC4-2F1F4C0D822F}.Debug|Any CPU.ActiveCfg = Debug|Any CPU
		{281DECF4-1FB0-44C4-AEC4-2F1F4C0D822F}.Debug|Any CPU.Build.0 = Debug|Any CPU
		{281DECF4-1FB0-44C4-AEC4-2F1F4C0D822F}.Release|Any CPU.ActiveCfg = Release|Any CPU
		{281DECF4-1FB0-44C4-AEC4-2F1F4C0D822F}.Release|Any CPU.Build.0 = Release|Any CPU
		{99161758-A6B5-40A5-A80D-28840526FED4}.Debug|Any CPU.ActiveCfg = Debug|Any CPU
		{99161758-A6B5-40A5-A80D-28840526FED4}.Debug|Any CPU.Build.0 = Debug|Any CPU
		{99161758-A6B5-40A5-A80D-28840526FED4}.Release|Any CPU.ActiveCfg = Release|Any CPU
		{99161758-A6B5-40A5-A80D-28840526FED4}.Release|Any CPU.Build.0 = Release|Any CPU
		{8FB7DE45-460E-4898-A180-E9CBDACA28ED}.Debug|Any CPU.ActiveCfg = Debug|Any CPU
		{8FB7DE45-460E-4898-A180-E9CBDACA28ED}.Debug|Any CPU.Build.0 = Debug|Any CPU
		{8FB7DE45-460E-4898-A180-E9CBDACA28ED}.Release|Any CPU.ActiveCfg = Release|Any CPU
		{8FB7DE45-460E-4898-A180-E9CBDACA28ED}.Release|Any CPU.Build.0 = Release|Any CPU
		{3C0CD59F-EB65-41D5-8193-E976A75FD467}.Debug|Any CPU.ActiveCfg = Debug|Any CPU
		{3C0CD59F-EB65-41D5-8193-E976A75FD467}.Debug|Any CPU.Build.0 = Debug|Any CPU
		{3C0CD59F-EB65-41D5-8193-E976A75FD467}.Release|Any CPU.ActiveCfg = Release|Any CPU
		{3C0CD59F-EB65-41D5-8193-E976A75FD467}.Release|Any CPU.Build.0 = Release|Any CPU
		{64E1E795-46EB-42A6-92E3-C609124C57EA}.Debug|Any CPU.ActiveCfg = Debug|Any CPU
		{64E1E795-46EB-42A6-92E3-C609124C57EA}.Debug|Any CPU.Build.0 = Debug|Any CPU
		{64E1E795-46EB-42A6-92E3-C609124C57EA}.Release|Any CPU.ActiveCfg = Release|Any CPU
		{64E1E795-46EB-42A6-92E3-C609124C57EA}.Release|Any CPU.Build.0 = Release|Any CPU
		{452E053C-44C7-4DC6-A1AF-556DEB6A0FFD}.Debug|Any CPU.ActiveCfg = Debug|Any CPU
		{452E053C-44C7-4DC6-A1AF-556DEB6A0FFD}.Debug|Any CPU.Build.0 = Debug|Any CPU
		{452E053C-44C7-4DC6-A1AF-556DEB6A0FFD}.Release|Any CPU.ActiveCfg = Release|Any CPU
		{452E053C-44C7-4DC6-A1AF-556DEB6A0FFD}.Release|Any CPU.Build.0 = Release|Any CPU
	EndGlobalSection
	GlobalSection(SolutionProperties) = preSolution
		HideSolutionNode = FALSE
	EndGlobalSection
	GlobalSection(ExtensibilityGlobals) = postSolution
		SolutionGuid = {C6A9AFA5-4355-4154-8B5D-11C581BE1FF9}
	EndGlobalSection
EndGlobal
