
Microsoft Visual Studio Solution File, Format Version 12.00
# Visual Studio Version 17
VisualStudioVersion = 17.4.33213.308
MinimumVisualStudioVersion = 10.0.40219.1
Project("{9A19103F-16F7-4668-BE54-9A1E7A4F7556}") = "N2.Model", "N2.Model\N2.Model.csproj", "{C0E5970D-BFE9-4CCF-822E-8D46E69E3C39}"
EndProject
Project("{9A19103F-16F7-4668-BE54-9A1E7A4F7556}") = "N2.Domain", "N2.Domain\N2.Domain.csproj", "{14BFEE5F-BF9A-447A-BC47-B46BBD018770}"
EndProject
Project("{2150E333-8FDC-42A3-9474-1A3956D46DE8}") = "Solution Items", "Solution Items", "{3C643453-A483-4BDA-8CC5-8DAB24DAB137}"
	ProjectSection(SolutionItems) = preProject
		.editorconfig = .editorconfig
	EndProjectSection
EndProject
Project("{9A19103F-16F7-4668-BE54-9A1E7A4F7556}") = "N2.Domain.Test", "N2.Domain.Test\N2.Domain.Test.csproj", "{3F5E3D61-176C-4E1D-8169-96384F3641BE}"
EndProject
Project("{9A19103F-16F7-4668-BE54-9A1E7A4F7556}") = "N2.EventSourcing", "N2.EventSourcing\N2.EventSourcing.csproj", "{27D7FBFF-F7BF-4467-BE4C-447D3AA3BE93}"
EndProject
Project("{FAE04EC0-301F-11D3-BF4B-00C04F79EFBC}") = "N2.EventSourcing.Common", "N2.EventSourcing.Common\N2.EventSourcing.Common.csproj", "{EDC723CF-761A-4529-AF6B-A47C463F9651}"
EndProject
Global
	GlobalSection(SolutionConfigurationPlatforms) = preSolution
		Debug|Any CPU = Debug|Any CPU
		Release|Any CPU = Release|Any CPU
	EndGlobalSection
	GlobalSection(ProjectConfigurationPlatforms) = postSolution
		{C0E5970D-BFE9-4CCF-822E-8D46E69E3C39}.Debug|Any CPU.ActiveCfg = Debug|Any CPU
		{C0E5970D-BFE9-4CCF-822E-8D46E69E3C39}.Debug|Any CPU.Build.0 = Debug|Any CPU
		{C0E5970D-BFE9-4CCF-822E-8D46E69E3C39}.Release|Any CPU.ActiveCfg = Release|Any CPU
		{C0E5970D-BFE9-4CCF-822E-8D46E69E3C39}.Release|Any CPU.Build.0 = Release|Any CPU
		{14BFEE5F-BF9A-447A-BC47-B46BBD018770}.Debug|Any CPU.ActiveCfg = Debug|Any CPU
		{14BFEE5F-BF9A-447A-BC47-B46BBD018770}.Debug|Any CPU.Build.0 = Debug|Any CPU
		{14BFEE5F-BF9A-447A-BC47-B46BBD018770}.Release|Any CPU.ActiveCfg = Release|Any CPU
		{14BFEE5F-BF9A-447A-BC47-B46BBD018770}.Release|Any CPU.Build.0 = Release|Any CPU
		{3F5E3D61-176C-4E1D-8169-96384F3641BE}.Debug|Any CPU.ActiveCfg = Debug|Any CPU
		{3F5E3D61-176C-4E1D-8169-96384F3641BE}.Debug|Any CPU.Build.0 = Debug|Any CPU
		{3F5E3D61-176C-4E1D-8169-96384F3641BE}.Release|Any CPU.ActiveCfg = Release|Any CPU
		{3F5E3D61-176C-4E1D-8169-96384F3641BE}.Release|Any CPU.Build.0 = Release|Any CPU
		{27D7FBFF-F7BF-4467-BE4C-447D3AA3BE93}.Debug|Any CPU.ActiveCfg = Debug|Any CPU
		{27D7FBFF-F7BF-4467-BE4C-447D3AA3BE93}.Debug|Any CPU.Build.0 = Debug|Any CPU
		{27D7FBFF-F7BF-4467-BE4C-447D3AA3BE93}.Release|Any CPU.ActiveCfg = Release|Any CPU
		{27D7FBFF-F7BF-4467-BE4C-447D3AA3BE93}.Release|Any CPU.Build.0 = Release|Any CPU
		{EDC723CF-761A-4529-AF6B-A47C463F9651}.Debug|Any CPU.ActiveCfg = Debug|Any CPU
		{EDC723CF-761A-4529-AF6B-A47C463F9651}.Debug|Any CPU.Build.0 = Debug|Any CPU
		{EDC723CF-761A-4529-AF6B-A47C463F9651}.Release|Any CPU.ActiveCfg = Release|Any CPU
		{EDC723CF-761A-4529-AF6B-A47C463F9651}.Release|Any CPU.Build.0 = Release|Any CPU
	EndGlobalSection
	GlobalSection(SolutionProperties) = preSolution
		HideSolutionNode = FALSE
	EndGlobalSection
	GlobalSection(ExtensibilityGlobals) = postSolution
		SolutionGuid = {A5323F84-AAC0-48AC-A89C-D19C075A6C8C}
	EndGlobalSection
EndGlobal
