
Microsoft Visual Studio Solution File, Format Version 12.00
# Visual Studio Version 17
VisualStudioVersion = 17.4.33213.308
MinimumVisualStudioVersion = 10.0.40219.1
Project("{9A19103F-16F7-4668-BE54-9A1E7A4F7556}") = "N2.Model", "N2.Model\N2.Model.csproj", "{C0E5970D-BFE9-4CCF-822E-8D46E69E3C39}"
EndProject
Project("{9A19103F-16F7-4668-BE54-9A1E7A4F7556}") = "N2.Domain", "N2.Domain\N2.Domain.csproj", "{14BFEE5F-BF9A-447A-BC47-B46BBD018770}"
EndProject
Project("{2150E333-8FDC-42A3-9474-1A3956D46DE8}") = "Solution Items", "Solution Items", "{3C643453-A483-4BDA-8CC5-8DAB24DAB137}"
	ProjectSection(SolutionItems) = preProject
		.editorconfig = .editorconfig
	EndProjectSection
EndProject
Project("{9A19103F-16F7-4668-BE54-9A1E7A4F7556}") = "N2.Domain.Test", "N2.Domain.Test\N2.Domain.Test.csproj", "{3F5E3D61-176C-4E1D-8169-96384F3641BE}"
EndProject
Project("{9A19103F-16F7-4668-BE54-9A1E7A4F7556}") = "N2.EventSourcing", "N2.EventSourcing\N2.EventSourcing.csproj", "{27D7FBFF-F7BF-4467-BE4C-447D3AA3BE93}"
EndProject
Project("{9A19103F-16F7-4668-BE54-9A1E7A4F7556}") = "N2.EventSourcing.Common", "N2.EventSourcing.Common\N2.EventSourcing.Common.csproj", "{EDC723CF-761A-4529-AF6B-A47C463F9651}"
EndProject
Project("{9A19103F-16F7-4668-BE54-9A1E7A4F7556}") = "N2.Api.Http", "N2.Api.Http\N2.Api.Http.csproj", "{F1C7E6F3-51F7-4279-BADD-479486AA9814}"
EndProject
Project("{9A19103F-16F7-4668-BE54-9A1E7A4F7556}") = "N2.Api.Core", "N2.Api.Core\N2.Api.Core.csproj", "{8A5FDD04-E841-4911-B916-4F5AC8ECFF38}"
EndProject
Project("{9A19103F-16F7-4668-BE54-9A1E7A4F7556}") = "N2.Test.Common", "N2.Test.Common\N2.Test.Common.csproj", "{B72ECE38-2B55-4680-9446-A37C8C6B8B7C}"
EndProject
Project("{9A19103F-16F7-4668-BE54-9A1E7A4F7556}") = "N2.Api.Core.Test", "N2.Api.Core.Test\N2.Api.Core.Test.csproj", "{E806294D-826E-49DC-A8F8-7EBD6529243A}"
EndProject
Project("{9A19103F-16F7-4668-BE54-9A1E7A4F7556}") = "SAK", "..\SAK\SAK\SAK.csproj", "{6B7AE687-5BB3-4312-B37B-1F35BC48DDC1}"
EndProject
Project("{FAE04EC0-301F-11D3-BF4B-00C04F79EFBC}") = "N2.Api.Core.Test.Integration", "N2.Api.Core.Test.Integration\N2.Api.Core.Test.Integration.csproj", "{BB42A701-E7B2-4242-B6A8-CE1F7545FC3F}"
EndProject
Global
	GlobalSection(SolutionConfigurationPlatforms) = preSolution
		Debug|Any CPU = Debug|Any CPU
		Release|Any CPU = Release|Any CPU
	EndGlobalSection
	GlobalSection(ProjectConfigurationPlatforms) = postSolution
		{C0E5970D-BFE9-4CCF-822E-8D46E69E3C39}.Debug|Any CPU.ActiveCfg = Debug|Any CPU
		{C0E5970D-BFE9-4CCF-822E-8D46E69E3C39}.Debug|Any CPU.Build.0 = Debug|Any CPU
		{C0E5970D-BFE9-4CCF-822E-8D46E69E3C39}.Release|Any CPU.ActiveCfg = Release|Any CPU
		{C0E5970D-BFE9-4CCF-822E-8D46E69E3C39}.Release|Any CPU.Build.0 = Release|Any CPU
		{14BFEE5F-BF9A-447A-BC47-B46BBD018770}.Debug|Any CPU.ActiveCfg = Debug|Any CPU
		{14BFEE5F-BF9A-447A-BC47-B46BBD018770}.Debug|Any CPU.Build.0 = Debug|Any CPU
		{14BFEE5F-BF9A-447A-BC47-B46BBD018770}.Release|Any CPU.ActiveCfg = Release|Any CPU
		{14BFEE5F-BF9A-447A-BC47-B46BBD018770}.Release|Any CPU.Build.0 = Release|Any CPU
		{3F5E3D61-176C-4E1D-8169-96384F3641BE}.Debug|Any CPU.ActiveCfg = Debug|Any CPU
		{3F5E3D61-176C-4E1D-8169-96384F3641BE}.Debug|Any CPU.Build.0 = Debug|Any CPU
		{3F5E3D61-176C-4E1D-8169-96384F3641BE}.Release|Any CPU.ActiveCfg = Release|Any CPU
		{3F5E3D61-176C-4E1D-8169-96384F3641BE}.Release|Any CPU.Build.0 = Release|Any CPU
		{27D7FBFF-F7BF-4467-BE4C-447D3AA3BE93}.Debug|Any CPU.ActiveCfg = Debug|Any CPU
		{27D7FBFF-F7BF-4467-BE4C-447D3AA3BE93}.Debug|Any CPU.Build.0 = Debug|Any CPU
		{27D7FBFF-F7BF-4467-BE4C-447D3AA3BE93}.Release|Any CPU.ActiveCfg = Release|Any CPU
		{27D7FBFF-F7BF-4467-BE4C-447D3AA3BE93}.Release|Any CPU.Build.0 = Release|Any CPU
		{EDC723CF-761A-4529-AF6B-A47C463F9651}.Debug|Any CPU.ActiveCfg = Debug|Any CPU
		{EDC723CF-761A-4529-AF6B-A47C463F9651}.Debug|Any CPU.Build.0 = Debug|Any CPU
		{EDC723CF-761A-4529-AF6B-A47C463F9651}.Release|Any CPU.ActiveCfg = Release|Any CPU
		{EDC723CF-761A-4529-AF6B-A47C463F9651}.Release|Any CPU.Build.0 = Release|Any CPU
		{F1C7E6F3-51F7-4279-BADD-479486AA9814}.Debug|Any CPU.ActiveCfg = Debug|Any CPU
		{F1C7E6F3-51F7-4279-BADD-479486AA9814}.Debug|Any CPU.Build.0 = Debug|Any CPU
		{F1C7E6F3-51F7-4279-BADD-479486AA9814}.Release|Any CPU.ActiveCfg = Release|Any CPU
		{F1C7E6F3-51F7-4279-BADD-479486AA9814}.Release|Any CPU.Build.0 = Release|Any CPU
		{8A5FDD04-E841-4911-B916-4F5AC8ECFF38}.Debug|Any CPU.ActiveCfg = Debug|Any CPU
		{8A5FDD04-E841-4911-B916-4F5AC8ECFF38}.Debug|Any CPU.Build.0 = Debug|Any CPU
		{8A5FDD04-E841-4911-B916-4F5AC8ECFF38}.Release|Any CPU.ActiveCfg = Release|Any CPU
		{8A5FDD04-E841-4911-B916-4F5AC8ECFF38}.Release|Any CPU.Build.0 = Release|Any CPU
		{B72ECE38-2B55-4680-9446-A37C8C6B8B7C}.Debug|Any CPU.ActiveCfg = Debug|Any CPU
		{B72ECE38-2B55-4680-9446-A37C8C6B8B7C}.Debug|Any CPU.Build.0 = Debug|Any CPU
		{B72ECE38-2B55-4680-9446-A37C8C6B8B7C}.Release|Any CPU.ActiveCfg = Release|Any CPU
		{B72ECE38-2B55-4680-9446-A37C8C6B8B7C}.Release|Any CPU.Build.0 = Release|Any CPU
		{E806294D-826E-49DC-A8F8-7EBD6529243A}.Debug|Any CPU.ActiveCfg = Debug|Any CPU
		{E806294D-826E-49DC-A8F8-7EBD6529243A}.Debug|Any CPU.Build.0 = Debug|Any CPU
		{E806294D-826E-49DC-A8F8-7EBD6529243A}.Release|Any CPU.ActiveCfg = Release|Any CPU
		{E806294D-826E-49DC-A8F8-7EBD6529243A}.Release|Any CPU.Build.0 = Release|Any CPU
		{6B7AE687-5BB3-4312-B37B-1F35BC48DDC1}.Debug|Any CPU.ActiveCfg = Debug|Any CPU
		{6B7AE687-5BB3-4312-B37B-1F35BC48DDC1}.Debug|Any CPU.Build.0 = Debug|Any CPU
		{6B7AE687-5BB3-4312-B37B-1F35BC48DDC1}.Release|Any CPU.ActiveCfg = Release|Any CPU
		{6B7AE687-5BB3-4312-B37B-1F35BC48DDC1}.Release|Any CPU.Build.0 = Release|Any CPU
		{BB42A701-E7B2-4242-B6A8-CE1F7545FC3F}.Debug|Any CPU.ActiveCfg = Debug|Any CPU
		{BB42A701-E7B2-4242-B6A8-CE1F7545FC3F}.Debug|Any CPU.Build.0 = Debug|Any CPU
		{BB42A701-E7B2-4242-B6A8-CE1F7545FC3F}.Release|Any CPU.ActiveCfg = Release|Any CPU
		{BB42A701-E7B2-4242-B6A8-CE1F7545FC3F}.Release|Any CPU.Build.0 = Release|Any CPU
	EndGlobalSection
	GlobalSection(SolutionProperties) = preSolution
		HideSolutionNode = FALSE
	EndGlobalSection
	GlobalSection(ExtensibilityGlobals) = postSolution
		SolutionGuid = {A5323F84-AAC0-48AC-A89C-D19C075A6C8C}
	EndGlobalSection
EndGlobal
